// !$*UTF8*$!
{
	archiveVersion = 1;
	classes = {
	};
	objectVersion = 48;
	objects = {

/* Begin PBXBuildFile section */
		01AFF8D0202F9A3600C18485 /* AppDelegate.swift in Sources */ = {isa = PBXBuildFile; fileRef = 01AFF8CF202F9A3600C18485 /* AppDelegate.swift */; };
		01AFF8D2202F9A3600C18485 /* ViewController.swift in Sources */ = {isa = PBXBuildFile; fileRef = 01AFF8D1202F9A3600C18485 /* ViewController.swift */; };
		01AFF8D5202F9A3600C18485 /* Main.storyboard in Resources */ = {isa = PBXBuildFile; fileRef = 01AFF8D3202F9A3600C18485 /* Main.storyboard */; };
		01AFF8D7202F9A3600C18485 /* Assets.xcassets in Resources */ = {isa = PBXBuildFile; fileRef = 01AFF8D6202F9A3600C18485 /* Assets.xcassets */; };
		01AFF8DA202F9A3600C18485 /* LaunchScreen.storyboard in Resources */ = {isa = PBXBuildFile; fileRef = 01AFF8D8202F9A3600C18485 /* LaunchScreen.storyboard */; };
		01AFF8E2202F9B6A00C18485 /* GoogleService-Info.plist in Resources */ = {isa = PBXBuildFile; fileRef = 01AFF8E1202F9B6A00C18485 /* GoogleService-Info.plist */; };
		01D5F08D202FA8F100231CA2 /* LoginViewController.swift in Sources */ = {isa = PBXBuildFile; fileRef = 01D5F08C202FA8F100231CA2 /* LoginViewController.swift */; };
		9539159762DD6D305C6202B9 /* Pods_WePool.framework in Frameworks */ = {isa = PBXBuildFile; fileRef = A8C7AAE3B712FA4197500A1F /* Pods_WePool.framework */; };
/* End PBXBuildFile section */

/* Begin PBXFileReference section */
		01AFF8CC202F9A3600C18485 /* WePool.app */ = {isa = PBXFileReference; explicitFileType = wrapper.application; includeInIndex = 0; path = WePool.app; sourceTree = BUILT_PRODUCTS_DIR; };
		01AFF8CF202F9A3600C18485 /* AppDelegate.swift */ = {isa = PBXFileReference; lastKnownFileType = sourcecode.swift; path = AppDelegate.swift; sourceTree = "<group>"; };
		01AFF8D1202F9A3600C18485 /* ViewController.swift */ = {isa = PBXFileReference; lastKnownFileType = sourcecode.swift; path = ViewController.swift; sourceTree = "<group>"; };
		01AFF8D4202F9A3600C18485 /* Base */ = {isa = PBXFileReference; lastKnownFileType = file.storyboard; name = Base; path = Base.lproj/Main.storyboard; sourceTree = "<group>"; };
		01AFF8D6202F9A3600C18485 /* Assets.xcassets */ = {isa = PBXFileReference; lastKnownFileType = folder.assetcatalog; path = Assets.xcassets; sourceTree = "<group>"; };
		01AFF8D9202F9A3600C18485 /* Base */ = {isa = PBXFileReference; lastKnownFileType = file.storyboard; name = Base; path = Base.lproj/LaunchScreen.storyboard; sourceTree = "<group>"; };
		01AFF8DB202F9A3600C18485 /* Info.plist */ = {isa = PBXFileReference; lastKnownFileType = text.plist.xml; path = Info.plist; sourceTree = "<group>"; };
		01AFF8E1202F9B6A00C18485 /* GoogleService-Info.plist */ = {isa = PBXFileReference; fileEncoding = 4; lastKnownFileType = text.plist.xml; path = "GoogleService-Info.plist"; sourceTree = "<group>"; };
		01D5F08C202FA8F100231CA2 /* LoginViewController.swift */ = {isa = PBXFileReference; lastKnownFileType = sourcecode.swift; path = LoginViewController.swift; sourceTree = "<group>"; };
		0947E76CBDAED55AF1611F7A /* Pods-WePool.debug.xcconfig */ = {isa = PBXFileReference; includeInIndex = 1; lastKnownFileType = text.xcconfig; name = "Pods-WePool.debug.xcconfig"; path = "Pods/Target Support Files/Pods-WePool/Pods-WePool.debug.xcconfig"; sourceTree = "<group>"; };
		A8C7AAE3B712FA4197500A1F /* Pods_WePool.framework */ = {isa = PBXFileReference; explicitFileType = wrapper.framework; includeInIndex = 0; path = Pods_WePool.framework; sourceTree = BUILT_PRODUCTS_DIR; };
		B6EA163C2850FB3F90E61559 /* Pods-WePool.release.xcconfig */ = {isa = PBXFileReference; includeInIndex = 1; lastKnownFileType = text.xcconfig; name = "Pods-WePool.release.xcconfig"; path = "Pods/Target Support Files/Pods-WePool/Pods-WePool.release.xcconfig"; sourceTree = "<group>"; };
/* End PBXFileReference section */

/* Begin PBXFrameworksBuildPhase section */
		01AFF8C9202F9A3600C18485 /* Frameworks */ = {
			isa = PBXFrameworksBuildPhase;
			buildActionMask = 2147483647;
			files = (
				9539159762DD6D305C6202B9 /* Pods_WePool.framework in Frameworks */,
			);
			runOnlyForDeploymentPostprocessing = 0;
		};
/* End PBXFrameworksBuildPhase section */

/* Begin PBXGroup section */
		01AFF8C3202F9A3600C18485 = {
			isa = PBXGroup;
			children = (
				01AFF8CE202F9A3600C18485 /* WePool */,
				01AFF8CD202F9A3600C18485 /* Products */,
				0AE2C37507D20FCD77FCE9FC /* Pods */,
				B8E63E862D2731596C2A0102 /* Frameworks */,
			);
			sourceTree = "<group>";
		};
		01AFF8CD202F9A3600C18485 /* Products */ = {
			isa = PBXGroup;
			children = (
				01AFF8CC202F9A3600C18485 /* WePool.app */,
			);
			name = Products;
			sourceTree = "<group>";
		};
		01AFF8CE202F9A3600C18485 /* WePool */ = {
			isa = PBXGroup;
			children = (
				01AFF8CF202F9A3600C18485 /* AppDelegate.swift */,
				01AFF8D1202F9A3600C18485 /* ViewController.swift */,
				01AFF8D3202F9A3600C18485 /* Main.storyboard */,
				01AFF8D6202F9A3600C18485 /* Assets.xcassets */,
				01AFF8D8202F9A3600C18485 /* LaunchScreen.storyboard */,
				01AFF8DB202F9A3600C18485 /* Info.plist */,
				01AFF8E1202F9B6A00C18485 /* GoogleService-Info.plist */,
				01D5F08C202FA8F100231CA2 /* LoginViewController.swift */,
			);
			path = WePool;
			sourceTree = "<group>";
		};
		0AE2C37507D20FCD77FCE9FC /* Pods */ = {
			isa = PBXGroup;
			children = (
				0947E76CBDAED55AF1611F7A /* Pods-WePool.debug.xcconfig */,
				B6EA163C2850FB3F90E61559 /* Pods-WePool.release.xcconfig */,
			);
			name = Pods;
			sourceTree = "<group>";
		};
		B8E63E862D2731596C2A0102 /* Frameworks */ = {
			isa = PBXGroup;
			children = (
				A8C7AAE3B712FA4197500A1F /* Pods_WePool.framework */,
			);
			name = Frameworks;
			sourceTree = "<group>";
		};
/* End PBXGroup section */

/* Begin PBXNativeTarget section */
		01AFF8CB202F9A3600C18485 /* WePool */ = {
			isa = PBXNativeTarget;
			buildConfigurationList = 01AFF8DE202F9A3600C18485 /* Build configuration list for PBXNativeTarget "WePool" */;
			buildPhases = (
				1D297F0C7F1AE9B0C1729076 /* [CP] Check Pods Manifest.lock */,
				01AFF8C8202F9A3600C18485 /* Sources */,
				01AFF8C9202F9A3600C18485 /* Frameworks */,
				01AFF8CA202F9A3600C18485 /* Resources */,
				7D5516C18D9340101CECD8AC /* [CP] Embed Pods Frameworks */,
				DA7912AE9F5DFE6E0AFADC9D /* [CP] Copy Pods Resources */,
			);
			buildRules = (
			);
			dependencies = (
			);
			name = WePool;
			productName = WePool;
			productReference = 01AFF8CC202F9A3600C18485 /* WePool.app */;
			productType = "com.apple.product-type.application";
		};
/* End PBXNativeTarget section */

/* Begin PBXProject section */
		01AFF8C4202F9A3600C18485 /* Project object */ = {
			isa = PBXProject;
			attributes = {
				LastSwiftUpdateCheck = 0920;
				LastUpgradeCheck = 0920;
				ORGANIZATIONNAME = WePoolTeam;
				TargetAttributes = {
					01AFF8CB202F9A3600C18485 = {
						CreatedOnToolsVersion = 9.2;
						ProvisioningStyle = Automatic;
					};
				};
			};
			buildConfigurationList = 01AFF8C7202F9A3600C18485 /* Build configuration list for PBXProject "WePool" */;
			compatibilityVersion = "Xcode 8.0";
			developmentRegion = en;
			hasScannedForEncodings = 0;
			knownRegions = (
				en,
				Base,
			);
			mainGroup = 01AFF8C3202F9A3600C18485;
			productRefGroup = 01AFF8CD202F9A3600C18485 /* Products */;
			projectDirPath = "";
			projectRoot = "";
			targets = (
				01AFF8CB202F9A3600C18485 /* WePool */,
			);
		};
/* End PBXProject section */

/* Begin PBXResourcesBuildPhase section */
		01AFF8CA202F9A3600C18485 /* Resources */ = {
			isa = PBXResourcesBuildPhase;
			buildActionMask = 2147483647;
			files = (
				01AFF8DA202F9A3600C18485 /* LaunchScreen.storyboard in Resources */,
				01AFF8E2202F9B6A00C18485 /* GoogleService-Info.plist in Resources */,
				01AFF8D7202F9A3600C18485 /* Assets.xcassets in Resources */,
				01AFF8D5202F9A3600C18485 /* Main.storyboard in Resources */,
			);
			runOnlyForDeploymentPostprocessing = 0;
		};
/* End PBXResourcesBuildPhase section */

/* Begin PBXShellScriptBuildPhase section */
		1D297F0C7F1AE9B0C1729076 /* [CP] Check Pods Manifest.lock */ = {
			isa = PBXShellScriptBuildPhase;
			buildActionMask = 2147483647;
			files = (
			);
			inputPaths = (
				"${PODS_PODFILE_DIR_PATH}/Podfile.lock",
				"${PODS_ROOT}/Manifest.lock",
			);
			name = "[CP] Check Pods Manifest.lock";
			outputPaths = (
				"$(DERIVED_FILE_DIR)/Pods-WePool-checkManifestLockResult.txt",
			);
			runOnlyForDeploymentPostprocessing = 0;
			shellPath = /bin/sh;
			shellScript = "diff \"${PODS_PODFILE_DIR_PATH}/Podfile.lock\" \"${PODS_ROOT}/Manifest.lock\" > /dev/null\nif [ $? != 0 ] ; then\n    # print error to STDERR\n    echo \"error: The sandbox is not in sync with the Podfile.lock. Run 'pod install' or update your CocoaPods installation.\" >&2\n    exit 1\nfi\n# This output is used by Xcode 'outputs' to avoid re-running this script phase.\necho \"SUCCESS\" > \"${SCRIPT_OUTPUT_FILE_0}\"\n";
			showEnvVarsInLog = 0;
		};
		7D5516C18D9340101CECD8AC /* [CP] Embed Pods Frameworks */ = {
			isa = PBXShellScriptBuildPhase;
			buildActionMask = 2147483647;
			files = (
			);
			inputPaths = (
				"${SRCROOT}/Pods/Target Support Files/Pods-WePool/Pods-WePool-frameworks.sh",
				"${BUILT_PRODUCTS_DIR}/GoogleToolboxForMac/GoogleToolboxForMac.framework",
				"${BUILT_PRODUCTS_DIR}/nanopb/nanopb.framework",
			);
			name = "[CP] Embed Pods Frameworks";
			outputPaths = (
				"${TARGET_BUILD_DIR}/${FRAMEWORKS_FOLDER_PATH}/GoogleToolboxForMac.framework",
				"${TARGET_BUILD_DIR}/${FRAMEWORKS_FOLDER_PATH}/nanopb.framework",
			);
			runOnlyForDeploymentPostprocessing = 0;
			shellPath = /bin/sh;
			shellScript = "\"${SRCROOT}/Pods/Target Support Files/Pods-WePool/Pods-WePool-frameworks.sh\"\n";
			showEnvVarsInLog = 0;
		};
		DA7912AE9F5DFE6E0AFADC9D /* [CP] Copy Pods Resources */ = {
			isa = PBXShellScriptBuildPhase;
			buildActionMask = 2147483647;
			files = (
			);
			inputPaths = (
			);
			name = "[CP] Copy Pods Resources";
			outputPaths = (
			);
			runOnlyForDeploymentPostprocessing = 0;
			shellPath = /bin/sh;
			shellScript = "\"${SRCROOT}/Pods/Target Support Files/Pods-WePool/Pods-WePool-resources.sh\"\n";
			showEnvVarsInLog = 0;
		};
/* End PBXShellScriptBuildPhase section */

/* Begin PBXSourcesBuildPhase section */
		01AFF8C8202F9A3600C18485 /* Sources */ = {
			isa = PBXSourcesBuildPhase;
			buildActionMask = 2147483647;
			files = (
				01D5F08D202FA8F100231CA2 /* LoginViewController.swift in Sources */,
				01AFF8D2202F9A3600C18485 /* ViewController.swift in Sources */,
				01AFF8D0202F9A3600C18485 /* AppDelegate.swift in Sources */,
			);
			runOnlyForDeploymentPostprocessing = 0;
		};
/* End PBXSourcesBuildPhase section */

/* Begin PBXVariantGroup section */
		01AFF8D3202F9A3600C18485 /* Main.storyboard */ = {
			isa = PBXVariantGroup;
			children = (
				01AFF8D4202F9A3600C18485 /* Base */,
			);
			name = Main.storyboard;
			sourceTree = "<group>";
		};
		01AFF8D8202F9A3600C18485 /* LaunchScreen.storyboard */ = {
			isa = PBXVariantGroup;
			children = (
				01AFF8D9202F9A3600C18485 /* Base */,
			);
			name = LaunchScreen.storyboard;
			sourceTree = "<group>";
		};
/* End PBXVariantGroup section */

/* Begin XCBuildConfiguration section */
		01AFF8DC202F9A3600C18485 /* Debug */ = {
			isa = XCBuildConfiguration;
			buildSettings = {
				ALWAYS_SEARCH_USER_PATHS = NO;
				CLANG_ANALYZER_NONNULL = YES;
				CLANG_ANALYZER_NUMBER_OBJECT_CONVERSION = YES_AGGRESSIVE;
				CLANG_CXX_LANGUAGE_STANDARD = "gnu++14";
				CLANG_CXX_LIBRARY = "libc++";
				CLANG_ENABLE_MODULES = YES;
				CLANG_ENABLE_OBJC_ARC = YES;
				CLANG_WARN_BLOCK_CAPTURE_AUTORELEASING = YES;
				CLANG_WARN_BOOL_CONVERSION = YES;
				CLANG_WARN_COMMA = YES;
				CLANG_WARN_CONSTANT_CONVERSION = YES;
				CLANG_WARN_DIRECT_OBJC_ISA_USAGE = YES_ERROR;
				CLANG_WARN_DOCUMENTATION_COMMENTS = YES;
				CLANG_WARN_EMPTY_BODY = YES;
				CLANG_WARN_ENUM_CONVERSION = YES;
				CLANG_WARN_INFINITE_RECURSION = YES;
				CLANG_WARN_INT_CONVERSION = YES;
				CLANG_WARN_NON_LITERAL_NULL_CONVERSION = YES;
				CLANG_WARN_OBJC_LITERAL_CONVERSION = YES;
				CLANG_WARN_OBJC_ROOT_CLASS = YES_ERROR;
				CLANG_WARN_RANGE_LOOP_ANALYSIS = YES;
				CLANG_WARN_STRICT_PROTOTYPES = YES;
				CLANG_WARN_SUSPICIOUS_MOVE = YES;
				CLANG_WARN_UNGUARDED_AVAILABILITY = YES_AGGRESSIVE;
				CLANG_WARN_UNREACHABLE_CODE = YES;
				CLANG_WARN__DUPLICATE_METHOD_MATCH = YES;
				CODE_SIGN_IDENTITY = "iPhone Developer";
				COPY_PHASE_STRIP = NO;
				DEBUG_INFORMATION_FORMAT = dwarf;
				ENABLE_STRICT_OBJC_MSGSEND = YES;
				ENABLE_TESTABILITY = YES;
				GCC_C_LANGUAGE_STANDARD = gnu11;
				GCC_DYNAMIC_NO_PIC = NO;
				GCC_NO_COMMON_BLOCKS = YES;
				GCC_OPTIMIZATION_LEVEL = 0;
				GCC_PREPROCESSOR_DEFINITIONS = (
					"DEBUG=1",
					"$(inherited)",
				);
				GCC_WARN_64_TO_32_BIT_CONVERSION = YES;
				GCC_WARN_ABOUT_RETURN_TYPE = YES_ERROR;
				GCC_WARN_UNDECLARED_SELECTOR = YES;
				GCC_WARN_UNINITIALIZED_AUTOS = YES_AGGRESSIVE;
				GCC_WARN_UNUSED_FUNCTION = YES;
				GCC_WARN_UNUSED_VARIABLE = YES;
				IPHONEOS_DEPLOYMENT_TARGET = 11.2;
				MTL_ENABLE_DEBUG_INFO = YES;
				ONLY_ACTIVE_ARCH = YES;
				SDKROOT = iphoneos;
				SWIFT_ACTIVE_COMPILATION_CONDITIONS = DEBUG;
				SWIFT_OPTIMIZATION_LEVEL = "-Onone";
			};
			name = Debug;
		};
		01AFF8DD202F9A3600C18485 /* Release */ = {
			isa = XCBuildConfiguration;
			buildSettings = {
				ALWAYS_SEARCH_USER_PATHS = NO;
				CLANG_ANALYZER_NONNULL = YES;
				CLANG_ANALYZER_NUMBER_OBJECT_CONVERSION = YES_AGGRESSIVE;
				CLANG_CXX_LANGUAGE_STANDARD = "gnu++14";
				CLANG_CXX_LIBRARY = "libc++";
				CLANG_ENABLE_MODULES = YES;
				CLANG_ENABLE_OBJC_ARC = YES;
				CLANG_WARN_BLOCK_CAPTURE_AUTORELEASING = YES;
				CLANG_WARN_BOOL_CONVERSION = YES;
				CLANG_WARN_COMMA = YES;
				CLANG_WARN_CONSTANT_CONVERSION = YES;
				CLANG_WARN_DIRECT_OBJC_ISA_USAGE = YES_ERROR;
				CLANG_WARN_DOCUMENTATION_COMMENTS = YES;
				CLANG_WARN_EMPTY_BODY = YES;
				CLANG_WARN_ENUM_CONVERSION = YES;
				CLANG_WARN_INFINITE_RECURSION = YES;
				CLANG_WARN_INT_CONVERSION = YES;
				CLANG_WARN_NON_LITERAL_NULL_CONVERSION = YES;
				CLANG_WARN_OBJC_LITERAL_CONVERSION = YES;
				CLANG_WARN_OBJC_ROOT_CLASS = YES_ERROR;
				CLANG_WARN_RANGE_LOOP_ANALYSIS = YES;
				CLANG_WARN_STRICT_PROTOTYPES = YES;
				CLANG_WARN_SUSPICIOUS_MOVE = YES;
				CLANG_WARN_UNGUARDED_AVAILABILITY = YES_AGGRESSIVE;
				CLANG_WARN_UNREACHABLE_CODE = YES;
				CLANG_WARN__DUPLICATE_METHOD_MATCH = YES;
				CODE_SIGN_IDENTITY = "iPhone Developer";
				COPY_PHASE_STRIP = NO;
				DEBUG_INFORMATION_FORMAT = "dwarf-with-dsym";
				ENABLE_NS_ASSERTIONS = NO;
				ENABLE_STRICT_OBJC_MSGSEND = YES;
				GCC_C_LANGUAGE_STANDARD = gnu11;
				GCC_NO_COMMON_BLOCKS = YES;
				GCC_WARN_64_TO_32_BIT_CONVERSION = YES;
				GCC_WARN_ABOUT_RETURN_TYPE = YES_ERROR;
				GCC_WARN_UNDECLARED_SELECTOR = YES;
				GCC_WARN_UNINITIALIZED_AUTOS = YES_AGGRESSIVE;
				GCC_WARN_UNUSED_FUNCTION = YES;
				GCC_WARN_UNUSED_VARIABLE = YES;
				IPHONEOS_DEPLOYMENT_TARGET = 11.2;
				MTL_ENABLE_DEBUG_INFO = NO;
				SDKROOT = iphoneos;
				SWIFT_OPTIMIZATION_LEVEL = "-Owholemodule";
				VALIDATE_PRODUCT = YES;
			};
			name = Release;
		};
		01AFF8DF202F9A3600C18485 /* Debug */ = {
			isa = XCBuildConfiguration;
			baseConfigurationReference = 0947E76CBDAED55AF1611F7A /* Pods-WePool.debug.xcconfig */;
			buildSettings = {
				ASSETCATALOG_COMPILER_APPICON_NAME = AppIcon;
				CODE_SIGN_STYLE = Automatic;
				DEVELOPMENT_TEAM = 369K2W9959;
				INFOPLIST_FILE = WePool/Info.plist;
				LD_RUNPATH_SEARCH_PATHS = "$(inherited) @executable_path/Frameworks";
				PRODUCT_BUNDLE_IDENTIFIER = com.wepoolteam.WePool;
				PRODUCT_NAME = "$(TARGET_NAME)";
				SWIFT_VERSION = 4.0;
				TARGETED_DEVICE_FAMILY = "1,2";
			};
			name = Debug;
		};
		01AFF8E0202F9A3600C18485 /* Release */ = {
			isa = XCBuildConfiguration;
			baseConfigurationReference = B6EA163C2850FB3F90E61559 /* Pods-WePool.release.xcconfig */;
			buildSettings = {
				ASSETCATALOG_COMPILER_APPICON_NAME = AppIcon;
				CODE_SIGN_STYLE = Automatic;
				DEVELOPMENT_TEAM = 369K2W9959;
				INFOPLIST_FILE = WePool/Info.plist;
				LD_RUNPATH_SEARCH_PATHS = "$(inherited) @executable_path/Frameworks";
				PRODUCT_BUNDLE_IDENTIFIER = com.wepoolteam.WePool;
				PRODUCT_NAME = "$(TARGET_NAME)";
				SWIFT_VERSION = 4.0;
				TARGETED_DEVICE_FAMILY = "1,2";
			};
			name = Release;
		};
/* End XCBuildConfiguration section */

/* Begin XCConfigurationList section */
		01AFF8C7202F9A3600C18485 /* Build configuration list for PBXProject "WePool" */ = {
			isa = XCConfigurationList;
			buildConfigurations = (
				01AFF8DC202F9A3600C18485 /* Debug */,
				01AFF8DD202F9A3600C18485 /* Release */,
			);
			defaultConfigurationIsVisible = 0;
			defaultConfigurationName = Release;
		};
		01AFF8DE202F9A3600C18485 /* Build configuration list for PBXNativeTarget "WePool" */ = {
			isa = XCConfigurationList;
			buildConfigurations = (
				01AFF8DF202F9A3600C18485 /* Debug */,
				01AFF8E0202F9A3600C18485 /* Release */,
			);
			defaultConfigurationIsVisible = 0;
			defaultConfigurationName = Release;
		};
/* End XCConfigurationList section */
	};
	rootObject = 01AFF8C4202F9A3600C18485 /* Project object */;
}
